
Microsoft Visual Studio Solution File, Format Version 12.00
# Visual Studio Version 17
VisualStudioVersion = 17.12.35527.113 d17.12
MinimumVisualStudioVersion = 10.0.40219.1
Project("{FAE04EC0-301F-11D3-BF4B-00C04F79EFBC}") = "Otel yönetim Sistemi", "Otel yönetim Sistemi\Otel yönetim Sistemi.csproj", "{63889B3A-73EC-44DF-8BA5-45F917D1B0BF}"
EndProject
Global
	GlobalSection(SolutionConfigurationPlatforms) = preSolution
		Debug|Any CPU = Debug|Any CPU
		Release|Any CPU = Release|Any CPU
	EndGlobalSection
	GlobalSection(ProjectConfigurationPlatforms) = postSolution
		{63889B3A-73EC-44DF-8BA5-45F917D1B0BF}.Debug|Any CPU.ActiveCfg = Debug|Any CPU
		{63889B3A-73EC-44DF-8BA5-45F917D1B0BF}.Debug|Any CPU.Build.0 = Debug|Any CPU
		{63889B3A-73EC-44DF-8BA5-45F917D1B0BF}.Release|Any CPU.ActiveCfg = Release|Any CPU
		{63889B3A-73EC-44DF-8BA5-45F917D1B0BF}.Release|Any CPU.Build.0 = Release|Any CPU
	EndGlobalSection
	GlobalSection(SolutionProperties) = preSolution
		HideSolutionNode = FALSE
	EndGlobalSection
EndGlobal
