
Microsoft Visual Studio Solution File, Format Version 12.00
# Visual Studio Version 17
VisualStudioVersion = 17.12.35527.113 d17.12
MinimumVisualStudioVersion = 10.0.40219.1
Project("{FAE04EC0-301F-11D3-BF4B-00C04F79EFBC}") = "Otel yönetim Sistemi", "Otel yönetim Sistemi\Otel yönetim Sistemi.csproj", "{73697EBF-62DA-47E5-AF03-2703329968D6}"
EndProject
Global
	GlobalSection(SolutionConfigurationPlatforms) = preSolution
		Debug|Any CPU = Debug|Any CPU
		Release|Any CPU = Release|Any CPU
	EndGlobalSection
	GlobalSection(ProjectConfigurationPlatforms) = postSolution
		{73697EBF-62DA-47E5-AF03-2703329968D6}.Debug|Any CPU.ActiveCfg = Debug|Any CPU
		{73697EBF-62DA-47E5-AF03-2703329968D6}.Debug|Any CPU.Build.0 = Debug|Any CPU
		{73697EBF-62DA-47E5-AF03-2703329968D6}.Release|Any CPU.ActiveCfg = Release|Any CPU
		{73697EBF-62DA-47E5-AF03-2703329968D6}.Release|Any CPU.Build.0 = Release|Any CPU
	EndGlobalSection
	GlobalSection(SolutionProperties) = preSolution
		HideSolutionNode = FALSE
	EndGlobalSection
EndGlobal
